
Microsoft Visual Studio Solution File, Format Version 12.00
# Visual Studio Version 17
VisualStudioVersion = 17.11.35431.28
MinimumVisualStudioVersion = 10.0.40219.1
Project("{FAE04EC0-301F-11D3-BF4B-00C04F79EFBC}") = "HangfireSample", "HangfireSample\HangfireSample.csproj", "{C854F74F-373D-466B-8A96-9761FE476D6E}"
EndProject
Project("{FAE04EC0-301F-11D3-BF4B-00C04F79EFBC}") = "HangfireSampleShared", "HangfireSampleShared\HangfireSampleShared.csproj", "{C714EF08-7B36-4CA4-8C8D-F049146AC825}"
EndProject
Project("{FAE04EC0-301F-11D3-BF4B-00C04F79EFBC}") = "HangfireSampleNoDashboard", "HangfireSampleNoDashboard\HangfireSampleNoDashboard.csproj", "{3C5F995E-7C08-40B4-A466-9FF24D274C73}"
EndProject
Global
	GlobalSection(SolutionConfigurationPlatforms) = preSolution
		Debug|Any CPU = Debug|Any CPU
		Release|Any CPU = Release|Any CPU
	EndGlobalSection
	GlobalSection(ProjectConfigurationPlatforms) = postSolution
		{C854F74F-373D-466B-8A96-9761FE476D6E}.Debug|Any CPU.ActiveCfg = Debug|Any CPU
		{C854F74F-373D-466B-8A96-9761FE476D6E}.Debug|Any CPU.Build.0 = Debug|Any CPU
		{C854F74F-373D-466B-8A96-9761FE476D6E}.Release|Any CPU.ActiveCfg = Release|Any CPU
		{C854F74F-373D-466B-8A96-9761FE476D6E}.Release|Any CPU.Build.0 = Release|Any CPU
		{C714EF08-7B36-4CA4-8C8D-F049146AC825}.Debug|Any CPU.ActiveCfg = Debug|Any CPU
		{C714EF08-7B36-4CA4-8C8D-F049146AC825}.Debug|Any CPU.Build.0 = Debug|Any CPU
		{C714EF08-7B36-4CA4-8C8D-F049146AC825}.Release|Any CPU.ActiveCfg = Release|Any CPU
		{C714EF08-7B36-4CA4-8C8D-F049146AC825}.Release|Any CPU.Build.0 = Release|Any CPU
		{3C5F995E-7C08-40B4-A466-9FF24D274C73}.Debug|Any CPU.ActiveCfg = Debug|Any CPU
		{3C5F995E-7C08-40B4-A466-9FF24D274C73}.Debug|Any CPU.Build.0 = Debug|Any CPU
		{3C5F995E-7C08-40B4-A466-9FF24D274C73}.Release|Any CPU.ActiveCfg = Release|Any CPU
		{3C5F995E-7C08-40B4-A466-9FF24D274C73}.Release|Any CPU.Build.0 = Release|Any CPU
	EndGlobalSection
	GlobalSection(SolutionProperties) = preSolution
		HideSolutionNode = FALSE
	EndGlobalSection
	GlobalSection(ExtensibilityGlobals) = postSolution
		SolutionGuid = {CAFA1297-C15A-4565-8746-AF8D9863B897}
	EndGlobalSection
EndGlobal
